
Microsoft Visual Studio Solution File, Format Version 12.00
# Visual Studio Version 17
VisualStudioVersion = 17.3.32825.248
MinimumVisualStudioVersion = 10.0.40219.1
Project("{FAE04EC0-301F-11D3-BF4B-00C04F79EFBC}") = "SmartSim", "src\SmartSim\SmartSim.csproj", "{D0693B03-AA41-4F70-964D-7F28022124AD}"
EndProject
Global
	GlobalSection(SolutionConfigurationPlatforms) = preSolution
		Debug|Any CPU = Debug|Any CPU
		Debug|x64 = Debug|x64
		Release|Any CPU = Release|Any CPU
		Release|x64 = Release|x64
	EndGlobalSection
	GlobalSection(ProjectConfigurationPlatforms) = postSolution
		{D0693B03-AA41-4F70-964D-7F28022124AD}.Debug|Any CPU.ActiveCfg = Debug|Any CPU
		{D0693B03-AA41-4F70-964D-7F28022124AD}.Debug|Any CPU.Build.0 = Debug|Any CPU
		{D0693B03-AA41-4F70-964D-7F28022124AD}.Debug|x64.ActiveCfg = Debug|x64
		{D0693B03-AA41-4F70-964D-7F28022124AD}.Debug|x64.Build.0 = Debug|x64
		{D0693B03-AA41-4F70-964D-7F28022124AD}.Release|Any CPU.ActiveCfg = Release|Any CPU
		{D0693B03-AA41-4F70-964D-7F28022124AD}.Release|Any CPU.Build.0 = Release|Any CPU
		{D0693B03-AA41-4F70-964D-7F28022124AD}.Release|x64.ActiveCfg = Release|x64
		{D0693B03-AA41-4F70-964D-7F28022124AD}.Release|x64.Build.0 = Release|x64
	EndGlobalSection
	GlobalSection(SolutionProperties) = preSolution
		HideSolutionNode = FALSE
	EndGlobalSection
	GlobalSection(ExtensibilityGlobals) = postSolution
		SolutionGuid = {28BBFE7F-CDD7-48B2-B959-DE0EEAD82E0E}
	EndGlobalSection
EndGlobal
